// !$*UTF8*$!
{
	archiveVersion = 1;
	classes = {
	};
	objectVersion = 46;
	objects = {

/* Begin PBXBuildFile section */
		6800C20D1EDF6BE800D55DA6 /* AppDelegate.swift in Sources */ = {isa = PBXBuildFile; fileRef = 6800C20C1EDF6BE800D55DA6 /* AppDelegate.swift */; };
		6800C20F1EDF6BE800D55DA6 /* ViewController.swift in Sources */ = {isa = PBXBuildFile; fileRef = 6800C20E1EDF6BE800D55DA6 /* ViewController.swift */; };
		6800C2121EDF6BE800D55DA6 /* Main.storyboard in Resources */ = {isa = PBXBuildFile; fileRef = 6800C2101EDF6BE800D55DA6 /* Main.storyboard */; };
		6800C2141EDF6BE800D55DA6 /* Assets.xcassets in Resources */ = {isa = PBXBuildFile; fileRef = 6800C2131EDF6BE800D55DA6 /* Assets.xcassets */; };
		6800C2171EDF6BE800D55DA6 /* LaunchScreen.storyboard in Resources */ = {isa = PBXBuildFile; fileRef = 6800C2151EDF6BE800D55DA6 /* LaunchScreen.storyboard */; };
		6800C21F1EDF6CE600D55DA6 /* ViewController2.swift in Sources */ = {isa = PBXBuildFile; fileRef = 6800C21E1EDF6CE600D55DA6 /* ViewController2.swift */; };
/* End PBXBuildFile section */

/* Begin PBXFileReference section */
		6800C2091EDF6BE800D55DA6 /* Navigation.app */ = {isa = PBXFileReference; explicitFileType = wrapper.application; includeInIndex = 0; path = Navigation.app; sourceTree = BUILT_PRODUCTS_DIR; };
		6800C20C1EDF6BE800D55DA6 /* AppDelegate.swift */ = {isa = PBXFileReference; lastKnownFileType = sourcecode.swift; path = AppDelegate.swift; sourceTree = "<group>"; };
		6800C20E1EDF6BE800D55DA6 /* ViewController.swift */ = {isa = PBXFileReference; lastKnownFileType = sourcecode.swift; path = ViewController.swift; sourceTree = "<group>"; };
		6800C2111EDF6BE800D55DA6 /* Base */ = {isa = PBXFileReference; lastKnownFileType = file.storyboard; name = Base; path = Base.lproj/Main.storyboard; sourceTree = "<group>"; };
		6800C2131EDF6BE800D55DA6 /* Assets.xcassets */ = {isa = PBXFileReference; lastKnownFileType = folder.assetcatalog; path = Assets.xcassets; sourceTree = "<group>"; };
		6800C2161EDF6BE800D55DA6 /* Base */ = {isa = PBXFileReference; lastKnownFileType = file.storyboard; name = Base; path = Base.lproj/LaunchScreen.storyboard; sourceTree = "<group>"; };
		6800C2181EDF6BE800D55DA6 /* Info.plist */ = {isa = PBXFileReference; lastKnownFileType = text.plist.xml; path = Info.plist; sourceTree = "<group>"; };
		6800C21E1EDF6CE600D55DA6 /* ViewController2.swift */ = {isa = PBXFileReference; fileEncoding = 4; lastKnownFileType = sourcecode.swift; path = ViewController2.swift; sourceTree = "<group>"; };
/* End PBXFileReference section */

/* Begin PBXFrameworksBuildPhase section */
		6800C2061EDF6BE800D55DA6 /* Frameworks */ = {
			isa = PBXFrameworksBuildPhase;
			buildActionMask = 2147483647;
			files = (
			);
			runOnlyForDeploymentPostprocessing = 0;
		};
/* End PBXFrameworksBuildPhase section */

/* Begin PBXGroup section */
		6800C2001EDF6BE800D55DA6 = {
			isa = PBXGroup;
			children = (
				6800C20B1EDF6BE800D55DA6 /* Navigation */,
				6800C20A1EDF6BE800D55DA6 /* Products */,
			);
			sourceTree = "<group>";
		};
		6800C20A1EDF6BE800D55DA6 /* Products */ = {
			isa = PBXGroup;
			children = (
				6800C2091EDF6BE800D55DA6 /* Navigation.app */,
			);
			name = Products;
			sourceTree = "<group>";
		};
		6800C20B1EDF6BE800D55DA6 /* Navigation */ = {
			isa = PBXGroup;
			children = (
				6800C20C1EDF6BE800D55DA6 /* AppDelegate.swift */,
				6800C20E1EDF6BE800D55DA6 /* ViewController.swift */,
				6800C21E1EDF6CE600D55DA6 /* ViewController2.swift */,
				6800C2101EDF6BE800D55DA6 /* Main.storyboard */,
				6800C2131EDF6BE800D55DA6 /* Assets.xcassets */,
				6800C2151EDF6BE800D55DA6 /* LaunchScreen.storyboard */,
				6800C2181EDF6BE800D55DA6 /* Info.plist */,
			);
			path = Navigation;
			sourceTree = "<group>";
		};
/* End PBXGroup section */

/* Begin PBXNativeTarget section */
		6800C2081EDF6BE800D55DA6 /* Navigation */ = {
			isa = PBXNativeTarget;
			buildConfigurationList = 6800C21B1EDF6BE800D55DA6 /* Build configuration list for PBXNativeTarget "Navigation" */;
			buildPhases = (
				6800C2051EDF6BE800D55DA6 /* Sources */,
				6800C2061EDF6BE800D55DA6 /* Frameworks */,
				6800C2071EDF6BE800D55DA6 /* Resources */,
			);
			buildRules = (
			);
			dependencies = (
			);
			name = Navigation;
			productName = Navigation;
			productReference = 6800C2091EDF6BE800D55DA6 /* Navigation.app */;
			productType = "com.apple.product-type.application";
		};
/* End PBXNativeTarget section */

/* Begin PBXProject section */
		6800C2011EDF6BE800D55DA6 /* Project object */ = {
			isa = PBXProject;
			attributes = {
				LastSwiftUpdateCheck = 0830;
				LastUpgradeCheck = 0830;
				ORGANIZATIONNAME = "KimSoo Ha";
				TargetAttributes = {
					6800C2081EDF6BE800D55DA6 = {
						CreatedOnToolsVersion = 8.3.1;
						ProvisioningStyle = Automatic;
					};
				};
			};
			buildConfigurationList = 6800C2041EDF6BE800D55DA6 /* Build configuration list for PBXProject "Navigation" */;
			compatibilityVersion = "Xcode 3.2";
			developmentRegion = English;
			hasScannedForEncodings = 0;
			knownRegions = (
				en,
				Base,
			);
			mainGroup = 6800C2001EDF6BE800D55DA6;
			productRefGroup = 6800C20A1EDF6BE800D55DA6 /* Products */;
			projectDirPath = "";
			projectRoot = "";
			targets = (
				6800C2081EDF6BE800D55DA6 /* Navigation */,
			);
		};
/* End PBXProject section */

/* Begin PBXResourcesBuildPhase section */
		6800C2071EDF6BE800D55DA6 /* Resources */ = {
			isa = PBXResourcesBuildPhase;
			buildActionMask = 2147483647;
			files = (
				6800C2171EDF6BE800D55DA6 /* LaunchScreen.storyboard in Resources */,
				6800C2141EDF6BE800D55DA6 /* Assets.xcassets in Resources */,
				6800C2121EDF6BE800D55DA6 /* Main.storyboard in Resources */,
			);
			runOnlyForDeploymentPostprocessing = 0;
		};
/* End PBXResourcesBuildPhase section */

/* Begin PBXSourcesBuildPhase section */
		6800C2051EDF6BE800D55DA6 /* Sources */ = {
			isa = PBXSourcesBuildPhase;
			buildActionMask = 2147483647;
			files = (
				6800C20F1EDF6BE800D55DA6 /* ViewController.swift in Sources */,
				6800C20D1EDF6BE800D55DA6 /* AppDelegate.swift in Sources */,
				6800C21F1EDF6CE600D55DA6 /* ViewController2.swift in Sources */,
			);
			runOnlyForDeploymentPostprocessing = 0;
		};
/* End PBXSourcesBuildPhase section */

/* Begin PBXVariantGroup section */
		6800C2101EDF6BE800D55DA6 /* Main.storyboard */ = {
			isa = PBXVariantGroup;
			children = (
				6800C2111EDF6BE800D55DA6 /* Base */,
			);
			name = Main.storyboard;
			sourceTree = "<group>";
		};
		6800C2151EDF6BE800D55DA6 /* LaunchScreen.storyboard */ = {
			isa = PBXVariantGroup;
			children = (
				6800C2161EDF6BE800D55DA6 /* Base */,
			);
			name = LaunchScreen.storyboard;
			sourceTree = "<group>";
		};
/* End PBXVariantGroup section */

/* Begin XCBuildConfiguration section */
		6800C2191EDF6BE800D55DA6 /* Debug */ = {
			isa = XCBuildConfiguration;
			buildSettings = {
				ALWAYS_SEARCH_USER_PATHS = NO;
				CLANG_ANALYZER_NONNULL = YES;
				CLANG_ANALYZER_NUMBER_OBJECT_CONVERSION = YES_AGGRESSIVE;
				CLANG_CXX_LANGUAGE_STANDARD = "gnu++0x";
				CLANG_CXX_LIBRARY = "libc++";
				CLANG_ENABLE_MODULES = YES;
				CLANG_ENABLE_OBJC_ARC = YES;
				CLANG_WARN_BOOL_CONVERSION = YES;
				CLANG_WARN_CONSTANT_CONVERSION = YES;
				CLANG_WARN_DIRECT_OBJC_ISA_USAGE = YES_ERROR;
				CLANG_WARN_DOCUMENTATION_COMMENTS = YES;
				CLANG_WARN_EMPTY_BODY = YES;
				CLANG_WARN_ENUM_CONVERSION = YES;
				CLANG_WARN_INFINITE_RECURSION = YES;
				CLANG_WARN_INT_CONVERSION = YES;
				CLANG_WARN_OBJC_ROOT_CLASS = YES_ERROR;
				CLANG_WARN_SUSPICIOUS_MOVE = YES;
				CLANG_WARN_UNREACHABLE_CODE = YES;
				CLANG_WARN__DUPLICATE_METHOD_MATCH = YES;
				"CODE_SIGN_IDENTITY[sdk=iphoneos*]" = "iPhone Developer";
				COPY_PHASE_STRIP = NO;
				DEBUG_INFORMATION_FORMAT = dwarf;
				ENABLE_STRICT_OBJC_MSGSEND = YES;
				ENABLE_TESTABILITY = YES;
				GCC_C_LANGUAGE_STANDARD = gnu99;
				GCC_DYNAMIC_NO_PIC = NO;
				GCC_NO_COMMON_BLOCKS = YES;
				GCC_OPTIMIZATION_LEVEL = 0;
				GCC_PREPROCESSOR_DEFINITIONS = (
					"DEBUG=1",
					"$(inherited)",
				);
				GCC_WARN_64_TO_32_BIT_CONVERSION = YES;
				GCC_WARN_ABOUT_RETURN_TYPE = YES_ERROR;
				GCC_WARN_UNDECLARED_SELECTOR = YES;
				GCC_WARN_UNINITIALIZED_AUTOS = YES_AGGRESSIVE;
				GCC_WARN_UNUSED_FUNCTION = YES;
				GCC_WARN_UNUSED_VARIABLE = YES;
				IPHONEOS_DEPLOYMENT_TARGET = 10.3;
				MTL_ENABLE_DEBUG_INFO = YES;
				ONLY_ACTIVE_ARCH = YES;
				SDKROOT = iphoneos;
				SWIFT_ACTIVE_COMPILATION_CONDITIONS = DEBUG;
				SWIFT_OPTIMIZATION_LEVEL = "-Onone";
			};
			name = Debug;
		};
		6800C21A1EDF6BE800D55DA6 /* Release */ = {
			isa = XCBuildConfiguration;
			buildSettings = {
				ALWAYS_SEARCH_USER_PATHS = NO;
				CLANG_ANALYZER_NONNULL = YES;
				CLANG_ANALYZER_NUMBER_OBJECT_CONVERSION = YES_AGGRESSIVE;
				CLANG_CXX_LANGUAGE_STANDARD = "gnu++0x";
				CLANG_CXX_LIBRARY = "libc++";
				CLANG_ENABLE_MODULES = YES;
				CLANG_ENABLE_OBJC_ARC = YES;
				CLANG_WARN_BOOL_CONVERSION = YES;
				CLANG_WARN_CONSTANT_CONVERSION = YES;
				CLANG_WARN_DIRECT_OBJC_ISA_USAGE = YES_ERROR;
				CLANG_WARN_DOCUMENTATION_COMMENTS = YES;
				CLANG_WARN_EMPTY_BODY = YES;
				CLANG_WARN_ENUM_CONVERSION = YES;
				CLANG_WARN_INFINITE_RECURSION = YES;
				CLANG_WARN_INT_CONVERSION = YES;
				CLANG_WARN_OBJC_ROOT_CLASS = YES_ERROR;
				CLANG_WARN_SUSPICIOUS_MOVE = YES;
				CLANG_WARN_UNREACHABLE_CODE = YES;
				CLANG_WARN__DUPLICATE_METHOD_MATCH = YES;
				"CODE_SIGN_IDENTITY[sdk=iphoneos*]" = "iPhone Developer";
				COPY_PHASE_STRIP = NO;
				DEBUG_INFORMATION_FORMAT = "dwarf-with-dsym";
				ENABLE_NS_ASSERTIONS = NO;
				ENABLE_STRICT_OBJC_MSGSEND = YES;
				GCC_C_LANGUAGE_STANDARD = gnu99;
				GCC_NO_COMMON_BLOCKS = YES;
				GCC_WARN_64_TO_32_BIT_CONVERSION = YES;
				GCC_WARN_ABOUT_RETURN_TYPE = YES_ERROR;
				GCC_WARN_UNDECLARED_SELECTOR = YES;
				GCC_WARN_UNINITIALIZED_AUTOS = YES_AGGRESSIVE;
				GCC_WARN_UNUSED_FUNCTION = YES;
				GCC_WARN_UNUSED_VARIABLE = YES;
				IPHONEOS_DEPLOYMENT_TARGET = 10.3;
				MTL_ENABLE_DEBUG_INFO = NO;
				SDKROOT = iphoneos;
				SWIFT_OPTIMIZATION_LEVEL = "-Owholemodule";
				VALIDATE_PRODUCT = YES;
			};
			name = Release;
		};
		6800C21C1EDF6BE800D55DA6 /* Debug */ = {
			isa = XCBuildConfiguration;
			buildSettings = {
				ASSETCATALOG_COMPILER_APPICON_NAME = AppIcon;
				INFOPLIST_FILE = Navigation/Info.plist;
				LD_RUNPATH_SEARCH_PATHS = "$(inherited) @executable_path/Frameworks";
				PRODUCT_BUNDLE_IDENTIFIER = com.Navigation;
				PRODUCT_NAME = "$(TARGET_NAME)";
				SWIFT_VERSION = 3.0;
			};
			name = Debug;
		};
		6800C21D1EDF6BE800D55DA6 /* Release */ = {
			isa = XCBuildConfiguration;
			buildSettings = {
				ASSETCATALOG_COMPILER_APPICON_NAME = AppIcon;
				INFOPLIST_FILE = Navigation/Info.plist;
				LD_RUNPATH_SEARCH_PATHS = "$(inherited) @executable_path/Frameworks";
				PRODUCT_BUNDLE_IDENTIFIER = com.Navigation;
				PRODUCT_NAME = "$(TARGET_NAME)";
				SWIFT_VERSION = 3.0;
			};
			name = Release;
		};
/* End XCBuildConfiguration section */

/* Begin XCConfigurationList section */
		6800C2041EDF6BE800D55DA6 /* Build configuration list for PBXProject "Navigation" */ = {
			isa = XCConfigurationList;
			buildConfigurations = (
				6800C2191EDF6BE800D55DA6 /* Debug */,
				6800C21A1EDF6BE800D55DA6 /* Release */,
			);
			defaultConfigurationIsVisible = 0;
			defaultConfigurationName = Release;
		};
		6800C21B1EDF6BE800D55DA6 /* Build configuration list for PBXNativeTarget "Navigation" */ = {
			isa = XCConfigurationList;
			buildConfigurations = (
				6800C21C1EDF6BE800D55DA6 /* Debug */,
				6800C21D1EDF6BE800D55DA6 /* Release */,
			);
			defaultConfigurationIsVisible = 0;
		};
/* End XCConfigurationList section */
	};
	rootObject = 6800C2011EDF6BE800D55DA6 /* Project object */;
}
